
Microsoft Visual Studio Solution File, Format Version 12.00
# Visual Studio Version 17
VisualStudioVersion = 17.7.34202.233
MinimumVisualStudioVersion = 10.0.40219.1
Project("{FAE04EC0-301F-11D3-BF4B-00C04F79EFBC}") = "Template.API", "Template.API\Template.API.csproj", "{78DD7478-6539-4ADB-90F1-7F37E89B6062}"
EndProject
Project("{FAE04EC0-301F-11D3-BF4B-00C04F79EFBC}") = "Template.Domain", "Template.Domain\Template.Domain.csproj", "{513EE52D-E5E9-42B9-A52C-726974CEF4BE}"
EndProject
Project("{FAE04EC0-301F-11D3-BF4B-00C04F79EFBC}") = "Template.EFCore", "Template.EFCore\Template.EFCore.csproj", "{54CE4B12-9EA8-48B1-9EAB-031E9577391B}"
EndProject
Project("{FAE04EC0-301F-11D3-BF4B-00C04F79EFBC}") = "Template.Platform", "Template.Platform\Template.Platform.csproj", "{12008C9E-35B1-42F2-A0A7-2FC277530ABB}"
EndProject
Project("{FAE04EC0-301F-11D3-BF4B-00C04F79EFBC}") = "Template.Provider", "Template.Provider\Template.Provider.csproj", "{43D33329-DEFA-4B08-84F5-F26BEFCA8407}"
EndProject
Global
	GlobalSection(SolutionConfigurationPlatforms) = preSolution
		Debug|Any CPU = Debug|Any CPU
		Release|Any CPU = Release|Any CPU
	EndGlobalSection
	GlobalSection(ProjectConfigurationPlatforms) = postSolution
		{78DD7478-6539-4ADB-90F1-7F37E89B6062}.Debug|Any CPU.ActiveCfg = Debug|Any CPU
		{78DD7478-6539-4ADB-90F1-7F37E89B6062}.Debug|Any CPU.Build.0 = Debug|Any CPU
		{78DD7478-6539-4ADB-90F1-7F37E89B6062}.Release|Any CPU.ActiveCfg = Release|Any CPU
		{78DD7478-6539-4ADB-90F1-7F37E89B6062}.Release|Any CPU.Build.0 = Release|Any CPU
		{513EE52D-E5E9-42B9-A52C-726974CEF4BE}.Debug|Any CPU.ActiveCfg = Debug|Any CPU
		{513EE52D-E5E9-42B9-A52C-726974CEF4BE}.Debug|Any CPU.Build.0 = Debug|Any CPU
		{513EE52D-E5E9-42B9-A52C-726974CEF4BE}.Release|Any CPU.ActiveCfg = Release|Any CPU
		{513EE52D-E5E9-42B9-A52C-726974CEF4BE}.Release|Any CPU.Build.0 = Release|Any CPU
		{54CE4B12-9EA8-48B1-9EAB-031E9577391B}.Debug|Any CPU.ActiveCfg = Debug|Any CPU
		{54CE4B12-9EA8-48B1-9EAB-031E9577391B}.Debug|Any CPU.Build.0 = Debug|Any CPU
		{54CE4B12-9EA8-48B1-9EAB-031E9577391B}.Release|Any CPU.ActiveCfg = Release|Any CPU
		{54CE4B12-9EA8-48B1-9EAB-031E9577391B}.Release|Any CPU.Build.0 = Release|Any CPU
		{12008C9E-35B1-42F2-A0A7-2FC277530ABB}.Debug|Any CPU.ActiveCfg = Debug|Any CPU
		{12008C9E-35B1-42F2-A0A7-2FC277530ABB}.Debug|Any CPU.Build.0 = Debug|Any CPU
		{12008C9E-35B1-42F2-A0A7-2FC277530ABB}.Release|Any CPU.ActiveCfg = Release|Any CPU
		{12008C9E-35B1-42F2-A0A7-2FC277530ABB}.Release|Any CPU.Build.0 = Release|Any CPU
		{43D33329-DEFA-4B08-84F5-F26BEFCA8407}.Debug|Any CPU.ActiveCfg = Debug|Any CPU
		{43D33329-DEFA-4B08-84F5-F26BEFCA8407}.Debug|Any CPU.Build.0 = Debug|Any CPU
		{43D33329-DEFA-4B08-84F5-F26BEFCA8407}.Release|Any CPU.ActiveCfg = Release|Any CPU
		{43D33329-DEFA-4B08-84F5-F26BEFCA8407}.Release|Any CPU.Build.0 = Release|Any CPU
	EndGlobalSection
	GlobalSection(SolutionProperties) = preSolution
		HideSolutionNode = FALSE
	EndGlobalSection
	GlobalSection(ExtensibilityGlobals) = postSolution
		SolutionGuid = {BF53AB8F-DCB8-4CF7-9DAE-4D5E1726B711}
	EndGlobalSection
EndGlobal
